Microsoft Visual Studio Solution File, Format Version 12.00
# Visual Studio Version 17
VisualStudioVersion = 17.5.2.0
MinimumVisualStudioVersion = 10.0.40219.1
Project("{FAE04EC0-301F-11D3-BF4B-00C04F79EFBC}") = "Invoice_printer", "Invoice_printer.csproj", "{479F78CB-0A02-626A-E397-EC8E13EFC11A}"
EndProject
Global
	GlobalSection(SolutionConfigurationPlatforms) = preSolution
		Debug|Any CPU = Debug|Any CPU
		Release|Any CPU = Release|Any CPU
	EndGlobalSection
	GlobalSection(ProjectConfigurationPlatforms) = postSolution
		{479F78CB-0A02-626A-E397-EC8E13EFC11A}.Debug|Any CPU.ActiveCfg = Debug|Any CPU
		{479F78CB-0A02-626A-E397-EC8E13EFC11A}.Debug|Any CPU.Build.0 = Debug|Any CPU
		{479F78CB-0A02-626A-E397-EC8E13EFC11A}.Release|Any CPU.ActiveCfg = Release|Any CPU
		{479F78CB-0A02-626A-E397-EC8E13EFC11A}.Release|Any CPU.Build.0 = Release|Any CPU
	EndGlobalSection
	GlobalSection(SolutionProperties) = preSolution
		HideSolutionNode = FALSE
	EndGlobalSection
	GlobalSection(ExtensibilityGlobals) = postSolution
		SolutionGuid = {0E31EDC9-5F2C-4A2A-8612-CF37FC0FB4E0}
	EndGlobalSection
EndGlobal
